
Microsoft Visual Studio Solution File, Format Version 12.00
# Visual Studio 2017
Project("{FAE04EC0-301F-11D3-BF4B-00C04F79EFBC}") = "HackathonScene0.Plugins", "HackathonScene0.Plugins.csproj", "{00386FBA-9A6D-B567-60ED-439E8D503DE4}"
EndProject
Project("{FAE04EC0-301F-11D3-BF4B-00C04F79EFBC}") = "HackathonScene0", "HackathonScene0.csproj", "{7987C425-BA4D-8941-4F5F-2202E5ABA2D4}"
EndProject
Global
	GlobalSection(SolutionConfigurationPlatforms) = preSolution
		Debug|Any CPU = Debug|Any CPU
		Release|Any CPU = Release|Any CPU
	EndGlobalSection
	GlobalSection(ProjectConfigurationPlatforms) = postSolution
		{00386FBA-9A6D-B567-60ED-439E8D503DE4}.Debug|Any CPU.ActiveCfg = Debug|Any CPU
		{00386FBA-9A6D-B567-60ED-439E8D503DE4}.Debug|Any CPU.Build.0 = Debug|Any CPU
		{00386FBA-9A6D-B567-60ED-439E8D503DE4}.Release|Any CPU.ActiveCfg = Release|Any CPU
		{00386FBA-9A6D-B567-60ED-439E8D503DE4}.Release|Any CPU.Build.0 = Release|Any CPU
		{7987C425-BA4D-8941-4F5F-2202E5ABA2D4}.Debug|Any CPU.ActiveCfg = Debug|Any CPU
		{7987C425-BA4D-8941-4F5F-2202E5ABA2D4}.Debug|Any CPU.Build.0 = Debug|Any CPU
		{7987C425-BA4D-8941-4F5F-2202E5ABA2D4}.Release|Any CPU.ActiveCfg = Release|Any CPU
		{7987C425-BA4D-8941-4F5F-2202E5ABA2D4}.Release|Any CPU.Build.0 = Release|Any CPU
	EndGlobalSection
	GlobalSection(SolutionProperties) = preSolution
		HideSolutionNode = FALSE
	EndGlobalSection
EndGlobal
