// !$*UTF8*$!
{
	archiveVersion = 1;
	classes = {
	};
	objectVersion = 48;
	objects = {

/* Begin PBXBuildFile section */
		A82414B11F896C030075B5F8 /* AppDelegate.swift in Sources */ = {isa = PBXBuildFile; fileRef = A82414B01F896C030075B5F8 /* AppDelegate.swift */; };
		A82414B31F896C030075B5F8 /* ViewController.swift in Sources */ = {isa = PBXBuildFile; fileRef = A82414B21F896C030075B5F8 /* ViewController.swift */; };
		A82414B61F896C030075B5F8 /* Main.storyboard in Resources */ = {isa = PBXBuildFile; fileRef = A82414B41F896C030075B5F8 /* Main.storyboard */; };
		A82414B81F896C030075B5F8 /* Assets.xcassets in Resources */ = {isa = PBXBuildFile; fileRef = A82414B71F896C030075B5F8 /* Assets.xcassets */; };
		A82414BB1F896C030075B5F8 /* LaunchScreen.storyboard in Resources */ = {isa = PBXBuildFile; fileRef = A82414B91F896C030075B5F8 /* LaunchScreen.storyboard */; };
		A82414C61F896C030075B5F8 /* new_languageTests.swift in Sources */ = {isa = PBXBuildFile; fileRef = A82414C51F896C030075B5F8 /* new_languageTests.swift */; };
		A82414D11F896C030075B5F8 /* new_languageUITests.swift in Sources */ = {isa = PBXBuildFile; fileRef = A82414D01F896C030075B5F8 /* new_languageUITests.swift */; };
		A82414DF1F896E0E0075B5F8 /* ship.swift in Sources */ = {isa = PBXBuildFile; fileRef = A82414DE1F896E0E0075B5F8 /* ship.swift */; };
/* End PBXBuildFile section */

/* Begin PBXContainerItemProxy section */
		A82414C21F896C030075B5F8 /* PBXContainerItemProxy */ = {
			isa = PBXContainerItemProxy;
			containerPortal = A82414A51F896C020075B5F8 /* Project object */;
			proxyType = 1;
			remoteGlobalIDString = A82414AC1F896C020075B5F8;
			remoteInfo = new_language;
		};
		A82414CD1F896C030075B5F8 /* PBXContainerItemProxy */ = {
			isa = PBXContainerItemProxy;
			containerPortal = A82414A51F896C020075B5F8 /* Project object */;
			proxyType = 1;
			remoteGlobalIDString = A82414AC1F896C020075B5F8;
			remoteInfo = new_language;
		};
/* End PBXContainerItemProxy section */

/* Begin PBXFileReference section */
		A82414AD1F896C020075B5F8 /* new_language.app */ = {isa = PBXFileReference; explicitFileType = wrapper.application; includeInIndex = 0; path = new_language.app; sourceTree = BUILT_PRODUCTS_DIR; };
		A82414B01F896C030075B5F8 /* AppDelegate.swift */ = {isa = PBXFileReference; lastKnownFileType = sourcecode.swift; path = AppDelegate.swift; sourceTree = "<group>"; };
		A82414B21F896C030075B5F8 /* ViewController.swift */ = {isa = PBXFileReference; lastKnownFileType = sourcecode.swift; path = ViewController.swift; sourceTree = "<group>"; };
		A82414B51F896C030075B5F8 /* Base */ = {isa = PBXFileReference; lastKnownFileType = file.storyboard; name = Base; path = Base.lproj/Main.storyboard; sourceTree = "<group>"; };
		A82414B71F896C030075B5F8 /* Assets.xcassets */ = {isa = PBXFileReference; lastKnownFileType = folder.assetcatalog; path = Assets.xcassets; sourceTree = "<group>"; };
		A82414BA1F896C030075B5F8 /* Base */ = {isa = PBXFileReference; lastKnownFileType = file.storyboard; name = Base; path = Base.lproj/LaunchScreen.storyboard; sourceTree = "<group>"; };
		A82414BC1F896C030075B5F8 /* Info.plist */ = {isa = PBXFileReference; lastKnownFileType = text.plist.xml; path = Info.plist; sourceTree = "<group>"; };
		A82414C11F896C030075B5F8 /* new_languageTests.xctest */ = {isa = PBXFileReference; explicitFileType = wrapper.cfbundle; includeInIndex = 0; path = new_languageTests.xctest; sourceTree = BUILT_PRODUCTS_DIR; };
		A82414C51F896C030075B5F8 /* new_languageTests.swift */ = {isa = PBXFileReference; lastKnownFileType = sourcecode.swift; path = new_languageTests.swift; sourceTree = "<group>"; };
		A82414C71F896C030075B5F8 /* Info.plist */ = {isa = PBXFileReference; lastKnownFileType = text.plist.xml; path = Info.plist; sourceTree = "<group>"; };
		A82414CC1F896C030075B5F8 /* new_languageUITests.xctest */ = {isa = PBXFileReference; explicitFileType = wrapper.cfbundle; includeInIndex = 0; path = new_languageUITests.xctest; sourceTree = BUILT_PRODUCTS_DIR; };
		A82414D01F896C030075B5F8 /* new_languageUITests.swift */ = {isa = PBXFileReference; lastKnownFileType = sourcecode.swift; path = new_languageUITests.swift; sourceTree = "<group>"; };
		A82414D21F896C030075B5F8 /* Info.plist */ = {isa = PBXFileReference; lastKnownFileType = text.plist.xml; path = Info.plist; sourceTree = "<group>"; };
		A82414DE1F896E0E0075B5F8 /* ship.swift */ = {isa = PBXFileReference; lastKnownFileType = sourcecode.swift; path = ship.swift; sourceTree = "<group>"; };
		A82414E01F896E960075B5F8 /* art.scnassets */ = {isa = PBXFileReference; lastKnownFileType = wrapper.scnassets; path = art.scnassets; sourceTree = "<group>"; };
/* End PBXFileReference section */

/* Begin PBXFrameworksBuildPhase section */
		A82414AA1F896C020075B5F8 /* Frameworks */ = {
			isa = PBXFrameworksBuildPhase;
			buildActionMask = 2147483647;
			files = (
			);
			runOnlyForDeploymentPostprocessing = 0;
		};
		A82414BE1F896C030075B5F8 /* Frameworks */ = {
			isa = PBXFrameworksBuildPhase;
			buildActionMask = 2147483647;
			files = (
			);
			runOnlyForDeploymentPostprocessing = 0;
		};
		A82414C91F896C030075B5F8 /* Frameworks */ = {
			isa = PBXFrameworksBuildPhase;
			buildActionMask = 2147483647;
			files = (
			);
			runOnlyForDeploymentPostprocessing = 0;
		};
/* End PBXFrameworksBuildPhase section */

/* Begin PBXGroup section */
		A82414A41F896C020075B5F8 = {
			isa = PBXGroup;
			children = (
				A82414AF1F896C020075B5F8 /* new_language */,
				A82414C41F896C030075B5F8 /* new_languageTests */,
				A82414CF1F896C030075B5F8 /* new_languageUITests */,
				A82414AE1F896C020075B5F8 /* Products */,
			);
			sourceTree = "<group>";
		};
		A82414AE1F896C020075B5F8 /* Products */ = {
			isa = PBXGroup;
			children = (
				A82414AD1F896C020075B5F8 /* new_language.app */,
				A82414C11F896C030075B5F8 /* new_languageTests.xctest */,
				A82414CC1F896C030075B5F8 /* new_languageUITests.xctest */,
			);
			name = Products;
			sourceTree = "<group>";
		};
		A82414AF1F896C020075B5F8 /* new_language */ = {
			isa = PBXGroup;
			children = (
				A82414B01F896C030075B5F8 /* AppDelegate.swift */,
				A82414B21F896C030075B5F8 /* ViewController.swift */,
				A82414E01F896E960075B5F8 /* art.scnassets */,
				A82414DE1F896E0E0075B5F8 /* ship.swift */,
				A82414B41F896C030075B5F8 /* Main.storyboard */,
				A82414B71F896C030075B5F8 /* Assets.xcassets */,
				A82414B91F896C030075B5F8 /* LaunchScreen.storyboard */,
				A82414BC1F896C030075B5F8 /* Info.plist */,
			);
			path = new_language;
			sourceTree = "<group>";
		};
		A82414C41F896C030075B5F8 /* new_languageTests */ = {
			isa = PBXGroup;
			children = (
				A82414C51F896C030075B5F8 /* new_languageTests.swift */,
				A82414C71F896C030075B5F8 /* Info.plist */,
			);
			path = new_languageTests;
			sourceTree = "<group>";
		};
		A82414CF1F896C030075B5F8 /* new_languageUITests */ = {
			isa = PBXGroup;
			children = (
				A82414D01F896C030075B5F8 /* new_languageUITests.swift */,
				A82414D21F896C030075B5F8 /* Info.plist */,
			);
			path = new_languageUITests;
			sourceTree = "<group>";
		};
/* End PBXGroup section */

/* Begin PBXNativeTarget section */
		A82414AC1F896C020075B5F8 /* new_language */ = {
			isa = PBXNativeTarget;
			buildConfigurationList = A82414D51F896C030075B5F8 /* Build configuration list for PBXNativeTarget "new_language" */;
			buildPhases = (
				A82414A91F896C020075B5F8 /* Sources */,
				A82414AA1F896C020075B5F8 /* Frameworks */,
				A82414AB1F896C020075B5F8 /* Resources */,
			);
			buildRules = (
			);
			dependencies = (
			);
			name = new_language;
			productName = new_language;
			productReference = A82414AD1F896C020075B5F8 /* new_language.app */;
			productType = "com.apple.product-type.application";
		};
		A82414C01F896C030075B5F8 /* new_languageTests */ = {
			isa = PBXNativeTarget;
			buildConfigurationList = A82414D81F896C030075B5F8 /* Build configuration list for PBXNativeTarget "new_languageTests" */;
			buildPhases = (
				A82414BD1F896C030075B5F8 /* Sources */,
				A82414BE1F896C030075B5F8 /* Frameworks */,
				A82414BF1F896C030075B5F8 /* Resources */,
			);
			buildRules = (
			);
			dependencies = (
				A82414C31F896C030075B5F8 /* PBXTargetDependency */,
			);
			name = new_languageTests;
			productName = new_languageTests;
			productReference = A82414C11F896C030075B5F8 /* new_languageTests.xctest */;
			productType = "com.apple.product-type.bundle.unit-test";
		};
		A82414CB1F896C030075B5F8 /* new_languageUITests */ = {
			isa = PBXNativeTarget;
			buildConfigurationList = A82414DB1F896C030075B5F8 /* Build configuration list for PBXNativeTarget "new_languageUITests" */;
			buildPhases = (
				A82414C81F896C030075B5F8 /* Sources */,
				A82414C91F896C030075B5F8 /* Frameworks */,
				A82414CA1F896C030075B5F8 /* Resources */,
			);
			buildRules = (
			);
			dependencies = (
				A82414CE1F896C030075B5F8 /* PBXTargetDependency */,
			);
			name = new_languageUITests;
			productName = new_languageUITests;
			productReference = A82414CC1F896C030075B5F8 /* new_languageUITests.xctest */;
			productType = "com.apple.product-type.bundle.ui-testing";
		};
/* End PBXNativeTarget section */

/* Begin PBXProject section */
		A82414A51F896C020075B5F8 /* Project object */ = {
			isa = PBXProject;
			attributes = {
				LastSwiftUpdateCheck = 0900;
				LastUpgradeCheck = 0900;
				ORGANIZATIONNAME = Forrest;
				TargetAttributes = {
					A82414AC1F896C020075B5F8 = {
						CreatedOnToolsVersion = 9.0;
						ProvisioningStyle = Automatic;
					};
					A82414C01F896C030075B5F8 = {
						CreatedOnToolsVersion = 9.0;
						ProvisioningStyle = Automatic;
						TestTargetID = A82414AC1F896C020075B5F8;
					};
					A82414CB1F896C030075B5F8 = {
						CreatedOnToolsVersion = 9.0;
						ProvisioningStyle = Automatic;
						TestTargetID = A82414AC1F896C020075B5F8;
					};
				};
			};
			buildConfigurationList = A82414A81F896C020075B5F8 /* Build configuration list for PBXProject "new_language" */;
			compatibilityVersion = "Xcode 8.0";
			developmentRegion = en;
			hasScannedForEncodings = 0;
			knownRegions = (
				en,
				Base,
			);
			mainGroup = A82414A41F896C020075B5F8;
			productRefGroup = A82414AE1F896C020075B5F8 /* Products */;
			projectDirPath = "";
			projectRoot = "";
			targets = (
				A82414AC1F896C020075B5F8 /* new_language */,
				A82414C01F896C030075B5F8 /* new_languageTests */,
				A82414CB1F896C030075B5F8 /* new_languageUITests */,
			);
		};
/* End PBXProject section */

/* Begin PBXResourcesBuildPhase section */
		A82414AB1F896C020075B5F8 /* Resources */ = {
			isa = PBXResourcesBuildPhase;
			buildActionMask = 2147483647;
			files = (
				A82414BB1F896C030075B5F8 /* LaunchScreen.storyboard in Resources */,
				A82414B81F896C030075B5F8 /* Assets.xcassets in Resources */,
				A82414B61F896C030075B5F8 /* Main.storyboard in Resources */,
			);
			runOnlyForDeploymentPostprocessing = 0;
		};
		A82414BF1F896C030075B5F8 /* Resources */ = {
			isa = PBXResourcesBuildPhase;
			buildActionMask = 2147483647;
			files = (
			);
			runOnlyForDeploymentPostprocessing = 0;
		};
		A82414CA1F896C030075B5F8 /* Resources */ = {
			isa = PBXResourcesBuildPhase;
			buildActionMask = 2147483647;
			files = (
			);
			runOnlyForDeploymentPostprocessing = 0;
		};
/* End PBXResourcesBuildPhase section */

/* Begin PBXSourcesBuildPhase section */
		A82414A91F896C020075B5F8 /* Sources */ = {
			isa = PBXSourcesBuildPhase;
			buildActionMask = 2147483647;
			files = (
				A82414DF1F896E0E0075B5F8 /* ship.swift in Sources */,
				A82414B31F896C030075B5F8 /* ViewController.swift in Sources */,
				A82414B11F896C030075B5F8 /* AppDelegate.swift in Sources */,
			);
			runOnlyForDeploymentPostprocessing = 0;
		};
		A82414BD1F896C030075B5F8 /* Sources */ = {
			isa = PBXSourcesBuildPhase;
			buildActionMask = 2147483647;
			files = (
				A82414C61F896C030075B5F8 /* new_languageTests.swift in Sources */,
			);
			runOnlyForDeploymentPostprocessing = 0;
		};
		A82414C81F896C030075B5F8 /* Sources */ = {
			isa = PBXSourcesBuildPhase;
			buildActionMask = 2147483647;
			files = (
				A82414D11F896C030075B5F8 /* new_languageUITests.swift in Sources */,
			);
			runOnlyForDeploymentPostprocessing = 0;
		};
/* End PBXSourcesBuildPhase section */

/* Begin PBXTargetDependency section */
		A82414C31F896C030075B5F8 /* PBXTargetDependency */ = {
			isa = PBXTargetDependency;
			target = A82414AC1F896C020075B5F8 /* new_language */;
			targetProxy = A82414C21F896C030075B5F8 /* PBXContainerItemProxy */;
		};
		A82414CE1F896C030075B5F8 /* PBXTargetDependency */ = {
			isa = PBXTargetDependency;
			target = A82414AC1F896C020075B5F8 /* new_language */;
			targetProxy = A82414CD1F896C030075B5F8 /* PBXContainerItemProxy */;
		};
/* End PBXTargetDependency section */

/* Begin PBXVariantGroup section */
		A82414B41F896C030075B5F8 /* Main.storyboard */ = {
			isa = PBXVariantGroup;
			children = (
				A82414B51F896C030075B5F8 /* Base */,
			);
			name = Main.storyboard;
			sourceTree = "<group>";
		};
		A82414B91F896C030075B5F8 /* LaunchScreen.storyboard */ = {
			isa = PBXVariantGroup;
			children = (
				A82414BA1F896C030075B5F8 /* Base */,
			);
			name = LaunchScreen.storyboard;
			sourceTree = "<group>";
		};
/* End PBXVariantGroup section */

/* Begin XCBuildConfiguration section */
		A82414D31F896C030075B5F8 /* Debug */ = {
			isa = XCBuildConfiguration;
			buildSettings = {
				ALWAYS_SEARCH_USER_PATHS = NO;
				CLANG_ANALYZER_NONNULL = YES;
				CLANG_ANALYZER_NUMBER_OBJECT_CONVERSION = YES_AGGRESSIVE;
				CLANG_CXX_LANGUAGE_STANDARD = "gnu++14";
				CLANG_CXX_LIBRARY = "libc++";
				CLANG_ENABLE_MODULES = YES;
				CLANG_ENABLE_OBJC_ARC = YES;
				CLANG_WARN_BLOCK_CAPTURE_AUTORELEASING = YES;
				CLANG_WARN_BOOL_CONVERSION = YES;
				CLANG_WARN_COMMA = YES;
				CLANG_WARN_CONSTANT_CONVERSION = YES;
				CLANG_WARN_DIRECT_OBJC_ISA_USAGE = YES_ERROR;
				CLANG_WARN_DOCUMENTATION_COMMENTS = YES;
				CLANG_WARN_EMPTY_BODY = YES;
				CLANG_WARN_ENUM_CONVERSION = YES;
				CLANG_WARN_INFINITE_RECURSION = YES;
				CLANG_WARN_INT_CONVERSION = YES;
				CLANG_WARN_NON_LITERAL_NULL_CONVERSION = YES;
				CLANG_WARN_OBJC_LITERAL_CONVERSION = YES;
				CLANG_WARN_OBJC_ROOT_CLASS = YES_ERROR;
				CLANG_WARN_RANGE_LOOP_ANALYSIS = YES;
				CLANG_WARN_STRICT_PROTOTYPES = YES;
				CLANG_WARN_SUSPICIOUS_MOVE = YES;
				CLANG_WARN_UNGUARDED_AVAILABILITY = YES_AGGRESSIVE;
				CLANG_WARN_UNREACHABLE_CODE = YES;
				CLANG_WARN__DUPLICATE_METHOD_MATCH = YES;
				CODE_SIGN_IDENTITY = "iPhone Developer";
				COPY_PHASE_STRIP = NO;
				DEBUG_INFORMATION_FORMAT = dwarf;
				ENABLE_STRICT_OBJC_MSGSEND = YES;
				ENABLE_TESTABILITY = YES;
				GCC_C_LANGUAGE_STANDARD = gnu11;
				GCC_DYNAMIC_NO_PIC = NO;
				GCC_NO_COMMON_BLOCKS = YES;
				GCC_OPTIMIZATION_LEVEL = 0;
				GCC_PREPROCESSOR_DEFINITIONS = (
					"DEBUG=1",
					"$(inherited)",
				);
				GCC_WARN_64_TO_32_BIT_CONVERSION = YES;
				GCC_WARN_ABOUT_RETURN_TYPE = YES_ERROR;
				GCC_WARN_UNDECLARED_SELECTOR = YES;
				GCC_WARN_UNINITIALIZED_AUTOS = YES_AGGRESSIVE;
				GCC_WARN_UNUSED_FUNCTION = YES;
				GCC_WARN_UNUSED_VARIABLE = YES;
				IPHONEOS_DEPLOYMENT_TARGET = 11.0;
				MTL_ENABLE_DEBUG_INFO = YES;
				ONLY_ACTIVE_ARCH = YES;
				SDKROOT = iphoneos;
				SWIFT_ACTIVE_COMPILATION_CONDITIONS = DEBUG;
				SWIFT_OPTIMIZATION_LEVEL = "-Onone";
			};
			name = Debug;
		};
		A82414D41F896C030075B5F8 /* Release */ = {
			isa = XCBuildConfiguration;
			buildSettings = {
				ALWAYS_SEARCH_USER_PATHS = NO;
				CLANG_ANALYZER_NONNULL = YES;
				CLANG_ANALYZER_NUMBER_OBJECT_CONVERSION = YES_AGGRESSIVE;
				CLANG_CXX_LANGUAGE_STANDARD = "gnu++14";
				CLANG_CXX_LIBRARY = "libc++";
				CLANG_ENABLE_MODULES = YES;
				CLANG_ENABLE_OBJC_ARC = YES;
				CLANG_WARN_BLOCK_CAPTURE_AUTORELEASING = YES;
				CLANG_WARN_BOOL_CONVERSION = YES;
				CLANG_WARN_COMMA = YES;
				CLANG_WARN_CONSTANT_CONVERSION = YES;
				CLANG_WARN_DIRECT_OBJC_ISA_USAGE = YES_ERROR;
				CLANG_WARN_DOCUMENTATION_COMMENTS = YES;
				CLANG_WARN_EMPTY_BODY = YES;
				CLANG_WARN_ENUM_CONVERSION = YES;
				CLANG_WARN_INFINITE_RECURSION = YES;
				CLANG_WARN_INT_CONVERSION = YES;
				CLANG_WARN_NON_LITERAL_NULL_CONVERSION = YES;
				CLANG_WARN_OBJC_LITERAL_CONVERSION = YES;
				CLANG_WARN_OBJC_ROOT_CLASS = YES_ERROR;
				CLANG_WARN_RANGE_LOOP_ANALYSIS = YES;
				CLANG_WARN_STRICT_PROTOTYPES = YES;
				CLANG_WARN_SUSPICIOUS_MOVE = YES;
				CLANG_WARN_UNGUARDED_AVAILABILITY = YES_AGGRESSIVE;
				CLANG_WARN_UNREACHABLE_CODE = YES;
				CLANG_WARN__DUPLICATE_METHOD_MATCH = YES;
				CODE_SIGN_IDENTITY = "iPhone Developer";
				COPY_PHASE_STRIP = NO;
				DEBUG_INFORMATION_FORMAT = "dwarf-with-dsym";
				ENABLE_NS_ASSERTIONS = NO;
				ENABLE_STRICT_OBJC_MSGSEND = YES;
				GCC_C_LANGUAGE_STANDARD = gnu11;
				GCC_NO_COMMON_BLOCKS = YES;
				GCC_WARN_64_TO_32_BIT_CONVERSION = YES;
				GCC_WARN_ABOUT_RETURN_TYPE = YES_ERROR;
				GCC_WARN_UNDECLARED_SELECTOR = YES;
				GCC_WARN_UNINITIALIZED_AUTOS = YES_AGGRESSIVE;
				GCC_WARN_UNUSED_FUNCTION = YES;
				GCC_WARN_UNUSED_VARIABLE = YES;
				IPHONEOS_DEPLOYMENT_TARGET = 11.0;
				MTL_ENABLE_DEBUG_INFO = NO;
				SDKROOT = iphoneos;
				SWIFT_OPTIMIZATION_LEVEL = "-Owholemodule";
				VALIDATE_PRODUCT = YES;
			};
			name = Release;
		};
		A82414D61F896C030075B5F8 /* Debug */ = {
			isa = XCBuildConfiguration;
			buildSettings = {
				ASSETCATALOG_COMPILER_APPICON_NAME = AppIcon;
				CODE_SIGN_STYLE = Automatic;
				DEVELOPMENT_TEAM = 5HKN292LU8;
				INFOPLIST_FILE = new_language/Info.plist;
				LD_RUNPATH_SEARCH_PATHS = "$(inherited) @executable_path/Frameworks";
				PRODUCT_BUNDLE_IDENTIFIER = "com.yunyu.flash-card";
				PRODUCT_NAME = "$(TARGET_NAME)";
				SWIFT_VERSION = 4.0;
				TARGETED_DEVICE_FAMILY = "1,2";
			};
			name = Debug;
		};
		A82414D71F896C030075B5F8 /* Release */ = {
			isa = XCBuildConfiguration;
			buildSettings = {
				ASSETCATALOG_COMPILER_APPICON_NAME = AppIcon;
				CODE_SIGN_STYLE = Automatic;
				DEVELOPMENT_TEAM = 5HKN292LU8;
				INFOPLIST_FILE = new_language/Info.plist;
				LD_RUNPATH_SEARCH_PATHS = "$(inherited) @executable_path/Frameworks";
				PRODUCT_BUNDLE_IDENTIFIER = "com.yunyu.flash-card";
				PRODUCT_NAME = "$(TARGET_NAME)";
				SWIFT_VERSION = 4.0;
				TARGETED_DEVICE_FAMILY = "1,2";
			};
			name = Release;
		};
		A82414D91F896C030075B5F8 /* Debug */ = {
			isa = XCBuildConfiguration;
			buildSettings = {
				ALWAYS_EMBED_SWIFT_STANDARD_LIBRARIES = YES;
				BUNDLE_LOADER = "$(TEST_HOST)";
				CODE_SIGN_STYLE = Automatic;
				DEVELOPMENT_TEAM = 5HKN292LU8;
				INFOPLIST_FILE = new_languageTests/Info.plist;
				LD_RUNPATH_SEARCH_PATHS = "$(inherited) @executable_path/Frameworks @loader_path/Frameworks";
				PRODUCT_BUNDLE_IDENTIFIER = "com.yunyu.new-languageTests";
				PRODUCT_NAME = "$(TARGET_NAME)";
				SWIFT_VERSION = 4.0;
				TARGETED_DEVICE_FAMILY = "1,2";
				TEST_HOST = "$(BUILT_PRODUCTS_DIR)/new_language.app/new_language";
			};
			name = Debug;
		};
		A82414DA1F896C030075B5F8 /* Release */ = {
			isa = XCBuildConfiguration;
			buildSettings = {
				ALWAYS_EMBED_SWIFT_STANDARD_LIBRARIES = YES;
				BUNDLE_LOADER = "$(TEST_HOST)";
				CODE_SIGN_STYLE = Automatic;
				DEVELOPMENT_TEAM = 5HKN292LU8;
				INFOPLIST_FILE = new_languageTests/Info.plist;
				LD_RUNPATH_SEARCH_PATHS = "$(inherited) @executable_path/Frameworks @loader_path/Frameworks";
				PRODUCT_BUNDLE_IDENTIFIER = "com.yunyu.new-languageTests";
				PRODUCT_NAME = "$(TARGET_NAME)";
				SWIFT_VERSION = 4.0;
				TARGETED_DEVICE_FAMILY = "1,2";
				TEST_HOST = "$(BUILT_PRODUCTS_DIR)/new_language.app/new_language";
			};
			name = Release;
		};
		A82414DC1F896C030075B5F8 /* Debug */ = {
			isa = XCBuildConfiguration;
			buildSettings = {
				ALWAYS_EMBED_SWIFT_STANDARD_LIBRARIES = YES;
				CODE_SIGN_STYLE = Automatic;
				DEVELOPMENT_TEAM = 5HKN292LU8;
				INFOPLIST_FILE = new_languageUITests/Info.plist;
				LD_RUNPATH_SEARCH_PATHS = "$(inherited) @executable_path/Frameworks @loader_path/Frameworks";
				PRODUCT_BUNDLE_IDENTIFIER = "com.yunyu.new-languageUITests";
				PRODUCT_NAME = "$(TARGET_NAME)";
				SWIFT_VERSION = 4.0;
				TARGETED_DEVICE_FAMILY = "1,2";
				TEST_TARGET_NAME = new_language;
			};
			name = Debug;
		};
		A82414DD1F896C030075B5F8 /* Release */ = {
			isa = XCBuildConfiguration;
			buildSettings = {
				ALWAYS_EMBED_SWIFT_STANDARD_LIBRARIES = YES;
				CODE_SIGN_STYLE = Automatic;
				DEVELOPMENT_TEAM = 5HKN292LU8;
				INFOPLIST_FILE = new_languageUITests/Info.plist;
				LD_RUNPATH_SEARCH_PATHS = "$(inherited) @executable_path/Frameworks @loader_path/Frameworks";
				PRODUCT_BUNDLE_IDENTIFIER = "com.yunyu.new-languageUITests";
				PRODUCT_NAME = "$(TARGET_NAME)";
				SWIFT_VERSION = 4.0;
				TARGETED_DEVICE_FAMILY = "1,2";
				TEST_TARGET_NAME = new_language;
			};
			name = Release;
		};
/* End XCBuildConfiguration section */

/* Begin XCConfigurationList section */
		A82414A81F896C020075B5F8 /* Build configuration list for PBXProject "new_language" */ = {
			isa = XCConfigurationList;
			buildConfigurations = (
				A82414D31F896C030075B5F8 /* Debug */,
				A82414D41F896C030075B5F8 /* Release */,
			);
			defaultConfigurationIsVisible = 0;
			defaultConfigurationName = Release;
		};
		A82414D51F896C030075B5F8 /* Build configuration list for PBXNativeTarget "new_language" */ = {
			isa = XCConfigurationList;
			buildConfigurations = (
				A82414D61F896C030075B5F8 /* Debug */,
				A82414D71F896C030075B5F8 /* Release */,
			);
			defaultConfigurationIsVisible = 0;
			defaultConfigurationName = Release;
		};
		A82414D81F896C030075B5F8 /* Build configuration list for PBXNativeTarget "new_languageTests" */ = {
			isa = XCConfigurationList;
			buildConfigurations = (
				A82414D91F896C030075B5F8 /* Debug */,
				A82414DA1F896C030075B5F8 /* Release */,
			);
			defaultConfigurationIsVisible = 0;
			defaultConfigurationName = Release;
		};
		A82414DB1F896C030075B5F8 /* Build configuration list for PBXNativeTarget "new_languageUITests" */ = {
			isa = XCConfigurationList;
			buildConfigurations = (
				A82414DC1F896C030075B5F8 /* Debug */,
				A82414DD1F896C030075B5F8 /* Release */,
			);
			defaultConfigurationIsVisible = 0;
			defaultConfigurationName = Release;
		};
/* End XCConfigurationList section */
	};
	rootObject = A82414A51F896C020075B5F8 /* Project object */;
}
